PODS:
  - MathpixClient (0.1.4):
    - PureLayout
  - Nimble (10.0.0)
  - PureLayout (3.1.9)
  - Quick (5.0.1)

DEPENDENCIES:
  - MathpixClient (from `../`)
  - Nimble (~> 10.0.0)
  - Quick (~> 5.0.0)

SPEC REPOS:
  trunk:
    - Nimble
    - PureLayout
    - Quick

EXTERNAL SOURCES:
  MathpixClient:
    :path: "../"

SPEC CHECKSUMS:
  MathpixClient: 8e18f49fa39f3db2b5fdb14ec8632d5965e0010f
  Nimble: 5316ef81a170ce87baf72dd961f22f89a602ff84
  PureLayout: 5fb5e5429519627d60d079ccb1eaa7265ce7cf88
  Quick: 749aa754fd1e7d984f2000fe051e18a3a9809179

PODFILE CHECKSUM: 67014ac6c6d16b4359fbd5f8d7ae72cd3969b150

COCOAPODS: 1.12.0
